{
  "requires": true,
  "lockfileVersion": 1,
  "dependencies": {
    "@types/vexflow": {
      "version": "3.0.0",
      "resolved": "https://registry.npmjs.org/@types/vexflow/-/vexflow-3.0.0.tgz",
      "integrity": "sha512-53QdJHpx5zf+lHW0vXfgugPTK7PSMlUl/jKl2fHmagmLQyUHl+59tSPGO1NjYN2+QKkPtwCc7KMI/YLzzuHrmA==",
      "dev": true
    }
  }
}
